
Microsoft Visual Studio Solution File, Format Version 12.00
# Visual Studio Version 16
VisualStudioVersion = 16.0.30907.101
MinimumVisualStudioVersion = 10.0.40219.1
Project("{FAE04EC0-301F-11D3-BF4B-00C04F79EFBC}") = "KimlikDogrulama", "KimlikDogrulama.csproj", "{D5F15656-2F7F-41DE-9D03-624F2C9D9C63}"
EndProject
Global
	GlobalSection(SolutionConfigurationPlatforms) = preSolution
		Debug|Any CPU = Debug|Any CPU
		Release|Any CPU = Release|Any CPU
	EndGlobalSection
	GlobalSection(ProjectConfigurationPlatforms) = postSolution
		{D5F15656-2F7F-41DE-9D03-624F2C9D9C63}.Debug|Any CPU.ActiveCfg = Debug|Any CPU
		{D5F15656-2F7F-41DE-9D03-624F2C9D9C63}.Debug|Any CPU.Build.0 = Debug|Any CPU
		{D5F15656-2F7F-41DE-9D03-624F2C9D9C63}.Release|Any CPU.ActiveCfg = Release|Any CPU
		{D5F15656-2F7F-41DE-9D03-624F2C9D9C63}.Release|Any CPU.Build.0 = Release|Any CPU
	EndGlobalSection
	GlobalSection(SolutionProperties) = preSolution
		HideSolutionNode = FALSE
	EndGlobalSection
	GlobalSection(ExtensibilityGlobals) = postSolution
		SolutionGuid = {A599176C-533E-4FB8-8B12-1787E3C741F4}
	EndGlobalSection
EndGlobal
